
Microsoft Visual Studio Solution File, Format Version 12.00
# Visual Studio Version 17
VisualStudioVersion = 17.14.36623.8 d17.14
MinimumVisualStudioVersion = 10.0.40219.1
Project("{FAE04EC0-301F-11D3-BF4B-00C04F79EFBC}") = "WebAPICore", "WebAPICore.csproj", "{0D5ECB74-1341-4F6A-A4EC-5ED83568AC9B}"
EndProject
Global
	GlobalSection(SolutionConfigurationPlatforms) = preSolution
		Debug|Any CPU = Debug|Any CPU
		Release|Any CPU = Release|Any CPU
	EndGlobalSection
	GlobalSection(ProjectConfigurationPlatforms) = postSolution
		{0D5ECB74-1341-4F6A-A4EC-5ED83568AC9B}.Debug|Any CPU.ActiveCfg = Debug|Any CPU
		{0D5ECB74-1341-4F6A-A4EC-5ED83568AC9B}.Debug|Any CPU.Build.0 = Debug|Any CPU
		{0D5ECB74-1341-4F6A-A4EC-5ED83568AC9B}.Release|Any CPU.ActiveCfg = Release|Any CPU
		{0D5ECB74-1341-4F6A-A4EC-5ED83568AC9B}.Release|Any CPU.Build.0 = Release|Any CPU
	EndGlobalSection
	GlobalSection(SolutionProperties) = preSolution
		HideSolutionNode = FALSE
	EndGlobalSection
	GlobalSection(ExtensibilityGlobals) = postSolution
		SolutionGuid = {3273D408-7A5A-4935-B53A-DE5B2C314227}
	EndGlobalSection
EndGlobal
